{
    "name": "one-click-multisite",
    "version": "2.0.0",
    "lockfileVersion": 3,
    "requires": true,
    "packages": {
        "": {
            "name": "one-click-multisite",
            "version": "2.0.0",
            "license": "GPL-2.0-or-later",
            "engines": {
                "node": "^18.0 || ^20.0 || ^22.0"
            }
        }
    }
}
